
Microsoft Visual Studio Solution File, Format Version 12.00
# Visual Studio Version 16
VisualStudioVersion = 16.0.29709.97
MinimumVisualStudioVersion = 10.0.40219.1
Project("{FAE04EC0-301F-11D3-BF4B-00C04F79EFBC}") = "MyMusic", "MyMusic\MyMusic.csproj", "{B99AFC52-8308-4CC8-9253-5C0896EF993B}"
EndProject
Project("{FAE04EC0-301F-11D3-BF4B-00C04F79EFBC}") = "MyMusic.Core", "MyMusic.Core\MyMusic.Core.csproj", "{438F6BCC-D1FF-41C5-AEA5-47FB53CD43BF}"
EndProject
Project("{FAE04EC0-301F-11D3-BF4B-00C04F79EFBC}") = "MyMusic.Services", "MyMusic.Services\MyMusic.Services.csproj", "{BD82D799-751B-460D-94DC-1C9C35F08535}"
EndProject
Project("{FAE04EC0-301F-11D3-BF4B-00C04F79EFBC}") = "MyMusic.Data", "MyMusic.Data\MyMusic.Data.csproj", "{DC657FF7-C1ED-402A-8D53-B86F1B13C381}"
EndProject
Global
	GlobalSection(SolutionConfigurationPlatforms) = preSolution
		Debug|Any CPU = Debug|Any CPU
		Release|Any CPU = Release|Any CPU
	EndGlobalSection
	GlobalSection(ProjectConfigurationPlatforms) = postSolution
		{B99AFC52-8308-4CC8-9253-5C0896EF993B}.Debug|Any CPU.ActiveCfg = Debug|Any CPU
		{B99AFC52-8308-4CC8-9253-5C0896EF993B}.Debug|Any CPU.Build.0 = Debug|Any CPU
		{B99AFC52-8308-4CC8-9253-5C0896EF993B}.Release|Any CPU.ActiveCfg = Release|Any CPU
		{B99AFC52-8308-4CC8-9253-5C0896EF993B}.Release|Any CPU.Build.0 = Release|Any CPU
		{438F6BCC-D1FF-41C5-AEA5-47FB53CD43BF}.Debug|Any CPU.ActiveCfg = Debug|Any CPU
		{438F6BCC-D1FF-41C5-AEA5-47FB53CD43BF}.Debug|Any CPU.Build.0 = Debug|Any CPU
		{438F6BCC-D1FF-41C5-AEA5-47FB53CD43BF}.Release|Any CPU.ActiveCfg = Release|Any CPU
		{438F6BCC-D1FF-41C5-AEA5-47FB53CD43BF}.Release|Any CPU.Build.0 = Release|Any CPU
		{BD82D799-751B-460D-94DC-1C9C35F08535}.Debug|Any CPU.ActiveCfg = Debug|Any CPU
		{BD82D799-751B-460D-94DC-1C9C35F08535}.Debug|Any CPU.Build.0 = Debug|Any CPU
		{BD82D799-751B-460D-94DC-1C9C35F08535}.Release|Any CPU.ActiveCfg = Release|Any CPU
		{BD82D799-751B-460D-94DC-1C9C35F08535}.Release|Any CPU.Build.0 = Release|Any CPU
		{DC657FF7-C1ED-402A-8D53-B86F1B13C381}.Debug|Any CPU.ActiveCfg = Debug|Any CPU
		{DC657FF7-C1ED-402A-8D53-B86F1B13C381}.Debug|Any CPU.Build.0 = Debug|Any CPU
		{DC657FF7-C1ED-402A-8D53-B86F1B13C381}.Release|Any CPU.ActiveCfg = Release|Any CPU
		{DC657FF7-C1ED-402A-8D53-B86F1B13C381}.Release|Any CPU.Build.0 = Release|Any CPU
	EndGlobalSection
	GlobalSection(SolutionProperties) = preSolution
		HideSolutionNode = FALSE
	EndGlobalSection
	GlobalSection(ExtensibilityGlobals) = postSolution
		SolutionGuid = {06FE46E3-F01F-4982-857D-689E64E36557}
	EndGlobalSection
EndGlobal
